// !$*UTF8*$!
{
	archiveVersion = 1;
	classes = {
	};
	objectVersion = 46;
	objects = {

/* Begin PBXBuildFile section */
		276406BB1C3832B600BCE105 /* AppDelegate.swift in Sources */ = {isa = PBXBuildFile; fileRef = 276406BA1C3832B600BCE105 /* AppDelegate.swift */; };
		276406BD1C3832B600BCE105 /* ViewController.swift in Sources */ = {isa = PBXBuildFile; fileRef = 276406BC1C3832B600BCE105 /* ViewController.swift */; };
		276406C01C3832B700BCE105 /* Main.storyboard in Resources */ = {isa = PBXBuildFile; fileRef = 276406BE1C3832B700BCE105 /* Main.storyboard */; };
		276406C21C3832B700BCE105 /* Assets.xcassets in Resources */ = {isa = PBXBuildFile; fileRef = 276406C11C3832B700BCE105 /* Assets.xcassets */; };
		276406C51C3832B700BCE105 /* LaunchScreen.storyboard in Resources */ = {isa = PBXBuildFile; fileRef = 276406C31C3832B700BCE105 /* LaunchScreen.storyboard */; };
		27E116281C55844300661F75 /* ARSLineProgress.swift in Sources */ = {isa = PBXBuildFile; fileRef = 27E116271C55844300661F75 /* ARSLineProgress.swift */; };
/* End PBXBuildFile section */

/* Begin PBXCopyFilesBuildPhase section */
		27454BCF1C4C17F700DBB38C /* Embed Frameworks */ = {
			isa = PBXCopyFilesBuildPhase;
			buildActionMask = 2147483647;
			dstPath = "";
			dstSubfolderSpec = 10;
			files = (
			);
			name = "Embed Frameworks";
			runOnlyForDeploymentPostprocessing = 0;
		};
/* End PBXCopyFilesBuildPhase section */

/* Begin PBXFileReference section */
		276406B71C3832B600BCE105 /* ARSLineProgress.app */ = {isa = PBXFileReference; explicitFileType = wrapper.application; includeInIndex = 0; path = ARSLineProgress.app; sourceTree = BUILT_PRODUCTS_DIR; };
		276406BA1C3832B600BCE105 /* AppDelegate.swift */ = {isa = PBXFileReference; lastKnownFileType = sourcecode.swift; path = AppDelegate.swift; sourceTree = "<group>"; };
		276406BC1C3832B600BCE105 /* ViewController.swift */ = {isa = PBXFileReference; lastKnownFileType = sourcecode.swift; path = ViewController.swift; sourceTree = "<group>"; };
		276406BF1C3832B700BCE105 /* Base */ = {isa = PBXFileReference; lastKnownFileType = file.storyboard; name = Base; path = Base.lproj/Main.storyboard; sourceTree = "<group>"; };
		276406C11C3832B700BCE105 /* Assets.xcassets */ = {isa = PBXFileReference; lastKnownFileType = folder.assetcatalog; path = Assets.xcassets; sourceTree = "<group>"; };
		276406C41C3832B700BCE105 /* Base */ = {isa = PBXFileReference; lastKnownFileType = file.storyboard; name = Base; path = Base.lproj/LaunchScreen.storyboard; sourceTree = "<group>"; };
		276406C61C3832B700BCE105 /* Info.plist */ = {isa = PBXFileReference; lastKnownFileType = text.plist.xml; path = Info.plist; sourceTree = "<group>"; };
		27E116271C55844300661F75 /* ARSLineProgress.swift */ = {isa = PBXFileReference; fileEncoding = 4; lastKnownFileType = sourcecode.swift; name = ARSLineProgress.swift; path = ../../Source/ARSLineProgress.swift; sourceTree = "<group>"; };
/* End PBXFileReference section */

/* Begin PBXFrameworksBuildPhase section */
		276406B41C3832B600BCE105 /* Frameworks */ = {
			isa = PBXFrameworksBuildPhase;
			buildActionMask = 2147483647;
			files = (
			);
			runOnlyForDeploymentPostprocessing = 0;
		};
/* End PBXFrameworksBuildPhase section */

/* Begin PBXGroup section */
		276406AE1C3832B600BCE105 = {
			isa = PBXGroup;
			children = (
				276406B91C3832B600BCE105 /* ARSLineProgress */,
				276406B81C3832B600BCE105 /* Products */,
			);
			sourceTree = "<group>";
		};
		276406B81C3832B600BCE105 /* Products */ = {
			isa = PBXGroup;
			children = (
				276406B71C3832B600BCE105 /* ARSLineProgress.app */,
			);
			name = Products;
			sourceTree = "<group>";
		};
		276406B91C3832B600BCE105 /* ARSLineProgress */ = {
			isa = PBXGroup;
			children = (
				27E116271C55844300661F75 /* ARSLineProgress.swift */,
				276406BC1C3832B600BCE105 /* ViewController.swift */,
				276406BA1C3832B600BCE105 /* AppDelegate.swift */,
				276406BE1C3832B700BCE105 /* Main.storyboard */,
				276406C11C3832B700BCE105 /* Assets.xcassets */,
				276406C31C3832B700BCE105 /* LaunchScreen.storyboard */,
				276406C61C3832B700BCE105 /* Info.plist */,
			);
			path = ARSLineProgress;
			sourceTree = "<group>";
		};
/* End PBXGroup section */

/* Begin PBXNativeTarget section */
		276406B61C3832B600BCE105 /* ARSLineProgress */ = {
			isa = PBXNativeTarget;
			buildConfigurationList = 276406C91C3832B700BCE105 /* Build configuration list for PBXNativeTarget "ARSLineProgress" */;
			buildPhases = (
				276406B31C3832B600BCE105 /* Sources */,
				276406B41C3832B600BCE105 /* Frameworks */,
				276406B51C3832B600BCE105 /* Resources */,
				27454BCF1C4C17F700DBB38C /* Embed Frameworks */,
			);
			buildRules = (
			);
			dependencies = (
			);
			name = ARSLineProgress;
			productName = ARSLineProgress;
			productReference = 276406B71C3832B600BCE105 /* ARSLineProgress.app */;
			productType = "com.apple.product-type.application";
		};
/* End PBXNativeTarget section */

/* Begin PBXProject section */
		276406AF1C3832B600BCE105 /* Project object */ = {
			isa = PBXProject;
			attributes = {
				LastSwiftUpdateCheck = 0720;
				LastUpgradeCheck = 0720;
				ORGANIZATIONNAME = "Iaroslav Arsenkin";
				TargetAttributes = {
					276406B61C3832B600BCE105 = {
						CreatedOnToolsVersion = 7.2;
						LastSwiftMigration = 0800;
					};
				};
			};
			buildConfigurationList = 276406B21C3832B600BCE105 /* Build configuration list for PBXProject "ARSLineProgress" */;
			compatibilityVersion = "Xcode 3.2";
			developmentRegion = English;
			hasScannedForEncodings = 0;
			knownRegions = (
				en,
				Base,
			);
			mainGroup = 276406AE1C3832B600BCE105;
			productRefGroup = 276406B81C3832B600BCE105 /* Products */;
			projectDirPath = "";
			projectRoot = "";
			targets = (
				276406B61C3832B600BCE105 /* ARSLineProgress */,
			);
		};
/* End PBXProject section */

/* Begin PBXResourcesBuildPhase section */
		276406B51C3832B600BCE105 /* Resources */ = {
			isa = PBXResourcesBuildPhase;
			buildActionMask = 2147483647;
			files = (
				276406C51C3832B700BCE105 /* LaunchScreen.storyboard in Resources */,
				276406C21C3832B700BCE105 /* Assets.xcassets in Resources */,
				276406C01C3832B700BCE105 /* Main.storyboard in Resources */,
			);
			runOnlyForDeploymentPostprocessing = 0;
		};
/* End PBXResourcesBuildPhase section */

/* Begin PBXSourcesBuildPhase section */
		276406B31C3832B600BCE105 /* Sources */ = {
			isa = PBXSourcesBuildPhase;
			buildActionMask = 2147483647;
			files = (
				276406BD1C3832B600BCE105 /* ViewController.swift in Sources */,
				27E116281C55844300661F75 /* ARSLineProgress.swift in Sources */,
				276406BB1C3832B600BCE105 /* AppDelegate.swift in Sources */,
			);
			runOnlyForDeploymentPostprocessing = 0;
		};
/* End PBXSourcesBuildPhase section */

/* Begin PBXVariantGroup section */
		276406BE1C3832B700BCE105 /* Main.storyboard */ = {
			isa = PBXVariantGroup;
			children = (
				276406BF1C3832B700BCE105 /* Base */,
			);
			name = Main.storyboard;
			sourceTree = "<group>";
		};
		276406C31C3832B700BCE105 /* LaunchScreen.storyboard */ = {
			isa = PBXVariantGroup;
			children = (
				276406C41C3832B700BCE105 /* Base */,
			);
			name = LaunchScreen.storyboard;
			sourceTree = "<group>";
		};
/* End PBXVariantGroup section */

/* Begin XCBuildConfiguration section */
		276406C71C3832B700BCE105 /* Debug */ = {
			isa = XCBuildConfiguration;
			buildSettings = {
				ALWAYS_SEARCH_USER_PATHS = NO;
				CLANG_CXX_LANGUAGE_STANDARD = "gnu++0x";
				CLANG_CXX_LIBRARY = "libc++";
				CLANG_ENABLE_MODULES = YES;
				CLANG_ENABLE_OBJC_ARC = YES;
				CLANG_WARN_BOOL_CONVERSION = YES;
				CLANG_WARN_CONSTANT_CONVERSION = YES;
				CLANG_WARN_DIRECT_OBJC_ISA_USAGE = YES_ERROR;
				CLANG_WARN_EMPTY_BODY = YES;
				CLANG_WARN_ENUM_CONVERSION = YES;
				CLANG_WARN_INT_CONVERSION = YES;
				CLANG_WARN_OBJC_ROOT_CLASS = YES_ERROR;
				CLANG_WARN_UNREACHABLE_CODE = YES;
				CLANG_WARN__DUPLICATE_METHOD_MATCH = YES;
				"CODE_SIGN_IDENTITY[sdk=iphoneos*]" = "iPhone Developer";
				COPY_PHASE_STRIP = NO;
				DEBUG_INFORMATION_FORMAT = dwarf;
				ENABLE_STRICT_OBJC_MSGSEND = YES;
				ENABLE_TESTABILITY = YES;
				GCC_C_LANGUAGE_STANDARD = gnu99;
				GCC_DYNAMIC_NO_PIC = NO;
				GCC_NO_COMMON_BLOCKS = YES;
				GCC_OPTIMIZATION_LEVEL = 0;
				GCC_PREPROCESSOR_DEFINITIONS = (
					"DEBUG=1",
					"$(inherited)",
				);
				GCC_WARN_64_TO_32_BIT_CONVERSION = YES;
				GCC_WARN_ABOUT_RETURN_TYPE = YES_ERROR;
				GCC_WARN_UNDECLARED_SELECTOR = YES;
				GCC_WARN_UNINITIALIZED_AUTOS = YES_AGGRESSIVE;
				GCC_WARN_UNUSED_FUNCTION = YES;
				GCC_WARN_UNUSED_VARIABLE = YES;
				IPHONEOS_DEPLOYMENT_TARGET = 9.2;
				MTL_ENABLE_DEBUG_INFO = YES;
				ONLY_ACTIVE_ARCH = YES;
				SDKROOT = iphoneos;
				SWIFT_OPTIMIZATION_LEVEL = "-Onone";
				TARGETED_DEVICE_FAMILY = "1,2";
			};
			name = Debug;
		};
		276406C81C3832B700BCE105 /* Release */ = {
			isa = XCBuildConfiguration;
			buildSettings = {
				ALWAYS_SEARCH_USER_PATHS = NO;
				CLANG_CXX_LANGUAGE_STANDARD = "gnu++0x";
				CLANG_CXX_LIBRARY = "libc++";
				CLANG_ENABLE_MODULES = YES;
				CLANG_ENABLE_OBJC_ARC = YES;
				CLANG_WARN_BOOL_CONVERSION = YES;
				CLANG_WARN_CONSTANT_CONVERSION = YES;
				CLANG_WARN_DIRECT_OBJC_ISA_USAGE = YES_ERROR;
				CLANG_WARN_EMPTY_BODY = YES;
				CLANG_WARN_ENUM_CONVERSION = YES;
				CLANG_WARN_INT_CONVERSION = YES;
				CLANG_WARN_OBJC_ROOT_CLASS = YES_ERROR;
				CLANG_WARN_UNREACHABLE_CODE = YES;
				CLANG_WARN__DUPLICATE_METHOD_MATCH = YES;
				"CODE_SIGN_IDENTITY[sdk=iphoneos*]" = "iPhone Developer";
				COPY_PHASE_STRIP = NO;
				DEBUG_INFORMATION_FORMAT = "dwarf-with-dsym";
				ENABLE_NS_ASSERTIONS = NO;
				ENABLE_STRICT_OBJC_MSGSEND = YES;
				GCC_C_LANGUAGE_STANDARD = gnu99;
				GCC_NO_COMMON_BLOCKS = YES;
				GCC_WARN_64_TO_32_BIT_CONVERSION = YES;
				GCC_WARN_ABOUT_RETURN_TYPE = YES_ERROR;
				GCC_WARN_UNDECLARED_SELECTOR = YES;
				GCC_WARN_UNINITIALIZED_AUTOS = YES_AGGRESSIVE;
				GCC_WARN_UNUSED_FUNCTION = YES;
				GCC_WARN_UNUSED_VARIABLE = YES;
				IPHONEOS_DEPLOYMENT_TARGET = 9.2;
				MTL_ENABLE_DEBUG_INFO = NO;
				SDKROOT = iphoneos;
				TARGETED_DEVICE_FAMILY = "1,2";
				VALIDATE_PRODUCT = YES;
			};
			name = Release;
		};
		276406CA1C3832B700BCE105 /* Debug */ = {
			isa = XCBuildConfiguration;
			buildSettings = {
				ASSETCATALOG_COMPILER_APPICON_NAME = AppIcon;
				FRAMEWORK_SEARCH_PATHS = (
					"$(inherited)",
					"$(PROJECT_DIR)",
				);
				INFOPLIST_FILE = ARSLineProgress/Info.plist;
				IPHONEOS_DEPLOYMENT_TARGET = 8.0;
				LD_RUNPATH_SEARCH_PATHS = "$(inherited) @executable_path/Frameworks";
				PRODUCT_BUNDLE_IDENTIFIER = com.arsenkin.ARSLineProgress;
				PRODUCT_NAME = "$(TARGET_NAME)";
				SWIFT_VERSION = 3.0;
			};
			name = Debug;
		};
		276406CB1C3832B700BCE105 /* Release */ = {
			isa = XCBuildConfiguration;
			buildSettings = {
				ASSETCATALOG_COMPILER_APPICON_NAME = AppIcon;
				FRAMEWORK_SEARCH_PATHS = (
					"$(inherited)",
					"$(PROJECT_DIR)",
				);
				INFOPLIST_FILE = ARSLineProgress/Info.plist;
				IPHONEOS_DEPLOYMENT_TARGET = 8.0;
				LD_RUNPATH_SEARCH_PATHS = "$(inherited) @executable_path/Frameworks";
				PRODUCT_BUNDLE_IDENTIFIER = com.arsenkin.ARSLineProgress;
				PRODUCT_NAME = "$(TARGET_NAME)";
				SWIFT_VERSION = 3.0;
			};
			name = Release;
		};
/* End XCBuildConfiguration section */

/* Begin XCConfigurationList section */
		276406B21C3832B600BCE105 /* Build configuration list for PBXProject "ARSLineProgress" */ = {
			isa = XCConfigurationList;
			buildConfigurations = (
				276406C71C3832B700BCE105 /* Debug */,
				276406C81C3832B700BCE105 /* Release */,
			);
			defaultConfigurationIsVisible = 0;
			defaultConfigurationName = Release;
		};
		276406C91C3832B700BCE105 /* Build configuration list for PBXNativeTarget "ARSLineProgress" */ = {
			isa = XCConfigurationList;
			buildConfigurations = (
				276406CA1C3832B700BCE105 /* Debug */,
				276406CB1C3832B700BCE105 /* Release */,
			);
			defaultConfigurationIsVisible = 0;
			defaultConfigurationName = Release;
		};
/* End XCConfigurationList section */
	};
	rootObject = 276406AF1C3832B600BCE105 /* Project object */;
}
